
Microsoft Visual Studio Solution File, Format Version 12.00
# Visual Studio Version 16
VisualStudioVersion = 16.0.30011.22
MinimumVisualStudioVersion = 10.0.40219.1
Project("{8BC9CEB8-8B4A-11D0-8D11-00A0C91BC942}") = "Cheval", "Cheval.vcxproj", "{ED276D85-7E76-4284-AFA3-DA907CB812E2}"
EndProject
Project("{8BC9CEB8-8B4A-11D0-8D11-00A0C91BC942}") = "ChevalTracerTests", "..\ChevalTracerTests\ChevalTracerTests.vcxproj", "{A604598C-19BE-4037-A4CA-A0E5A31CE465}"
EndProject
Global
	GlobalSection(SolutionConfigurationPlatforms) = preSolution
		Debug|x64 = Debug|x64
		Debug|x86 = Debug|x86
		Release|x64 = Release|x64
		Release|x86 = Release|x86
	EndGlobalSection
	GlobalSection(ProjectConfigurationPlatforms) = postSolution
		{ED276D85-7E76-4284-AFA3-DA907CB812E2}.Debug|x64.ActiveCfg = Debug|x64
		{ED276D85-7E76-4284-AFA3-DA907CB812E2}.Debug|x64.Build.0 = Debug|x64
		{ED276D85-7E76-4284-AFA3-DA907CB812E2}.Debug|x86.ActiveCfg = Debug|Win32
		{ED276D85-7E76-4284-AFA3-DA907CB812E2}.Debug|x86.Build.0 = Debug|Win32
		{ED276D85-7E76-4284-AFA3-DA907CB812E2}.Release|x64.ActiveCfg = Release|x64
		{ED276D85-7E76-4284-AFA3-DA907CB812E2}.Release|x64.Build.0 = Release|x64
		{ED276D85-7E76-4284-AFA3-DA907CB812E2}.Release|x86.ActiveCfg = Release|Win32
		{ED276D85-7E76-4284-AFA3-DA907CB812E2}.Release|x86.Build.0 = Release|Win32
		{A604598C-19BE-4037-A4CA-A0E5A31CE465}.Debug|x64.ActiveCfg = Debug|x64
		{A604598C-19BE-4037-A4CA-A0E5A31CE465}.Debug|x64.Build.0 = Debug|x64
		{A604598C-19BE-4037-A4CA-A0E5A31CE465}.Debug|x86.ActiveCfg = Debug|Win32
		{A604598C-19BE-4037-A4CA-A0E5A31CE465}.Debug|x86.Build.0 = Debug|Win32
		{A604598C-19BE-4037-A4CA-A0E5A31CE465}.Release|x64.ActiveCfg = Release|x64
		{A604598C-19BE-4037-A4CA-A0E5A31CE465}.Release|x64.Build.0 = Release|x64
		{A604598C-19BE-4037-A4CA-A0E5A31CE465}.Release|x86.ActiveCfg = Release|Win32
		{A604598C-19BE-4037-A4CA-A0E5A31CE465}.Release|x86.Build.0 = Release|Win32
	EndGlobalSection
	GlobalSection(SolutionProperties) = preSolution
		HideSolutionNode = FALSE
	EndGlobalSection
	GlobalSection(ExtensibilityGlobals) = postSolution
		SolutionGuid = {41EC0057-A50B-42B8-94B9-A8F611F7CD34}
	EndGlobalSection
EndGlobal
