<?xml version="1.0" encoding="utf-8"?>
<Project ToolsVersion="4.0" xmlns="http://schemas.microsoft.com/developer/msbuild/2003">
  <ItemGroup>
    <Filter Include="Source Files">
      <UniqueIdentifier>{4FC737F1-C7A5-4376-A066-2A32D752A2FF}</UniqueIdentifier>
      <Extensions>cpp;c;cc;cxx;c++;def;odl;idl;hpj;bat;asm;asmx</Extensions>
    </Filter>
    <Filter Include="Header Files">
      <UniqueIdentifier>{93995380-89BD-4b04-88EB-625FBE52EBFB}</UniqueIdentifier>
      <Extensions>h;hh;hpp;hxx;h++;hm;inl;inc;ipp;xsd</Extensions>
    </Filter>
    <Filter Include="Resource Files">
      <UniqueIdentifier>{67DA6AB6-F800-4c08-8B7A-83BB121AAD01}</UniqueIdentifier>
      <Extensions>rc;ico;cur;bmp;dlg;rc2;rct;bin;rgs;gif;jpg;jpeg;jpe;resx;tiff;tif;png;wav;mfcribbon-ms</Extensions>
    </Filter>
    <Filter Include="Header Files\Models">
      <UniqueIdentifier>{eb1925d8-49d6-4db9-9fbd-83b63ef84d16}</UniqueIdentifier>
    </Filter>
    <Filter Include="Header Files\Helpers">
      <UniqueIdentifier>{73f52089-7e25-4af4-b700-edfbb38a9eb7}</UniqueIdentifier>
    </Filter>
    <Filter Include="Header Files\Data Structures">
      <UniqueIdentifier>{786d0b63-52a8-47e1-a44c-6de846d9b519}</UniqueIdentifier>
    </Filter>
    <Filter Include="Source Files\Helpers">
      <UniqueIdentifier>{2c558b40-ce53-488c-a95b-89a7ec208e03}</UniqueIdentifier>
    </Filter>
    <Filter Include="Source Files\Models">
      <UniqueIdentifier>{374cea51-fea6-4fff-aa20-3b43e97a0f54}</UniqueIdentifier>
    </Filter>
    <Filter Include="Header Files\Models\Shapes">
      <UniqueIdentifier>{8cd89baa-e8fc-4712-b706-bd3918e5582b}</UniqueIdentifier>
    </Filter>
    <Filter Include="Source Files\Data Structures">
      <UniqueIdentifier>{571d3ebd-2767-4f35-9c20-d46438d6fa22}</UniqueIdentifier>
    </Filter>
    <Filter Include="Source Files\Models\Shapes">
      <UniqueIdentifier>{f7cbba68-1693-41f7-899a-3bd6fcbaa242}</UniqueIdentifier>
    </Filter>
  </ItemGroup>
  <ItemGroup>
    <ClCompile Include="src\DataStructures\Tuple.cpp">
      <Filter>Source Files\Data Structures</Filter>
    </ClCompile>
    <ClCompile Include="src\DataStructures\Matrix.cpp">
      <Filter>Source Files\Data Structures</Filter>
    </ClCompile>
    <ClCompile Include="src\DataStructures\Transforms.cpp">
      <Filter>Source Files\Data Structures</Filter>
    </ClCompile>
    <ClCompile Include="src\Models\Canvas.cpp">
      <Filter>Source Files\Models</Filter>
    </ClCompile>
    <ClCompile Include="src\Models\Ray.cpp">
      <Filter>Source Files\Models</Filter>
    </ClCompile>
    <ClCompile Include="src\Models\Shapes\Sphere.cpp">
      <Filter>Source Files\Models\Shapes</Filter>
    </ClCompile>
    <ClCompile Include="src\Models\Shapes\Shape.cpp">
      <Filter>Source Files\Models\Shapes</Filter>
    </ClCompile>
    <ClCompile Include="src\DataStructures\Intersection.cpp">
      <Filter>Source Files\Data Structures</Filter>
    </ClCompile>
  </ItemGroup>
  <ItemGroup>
    <ClInclude Include="Headers\resource.h">
      <Filter>Header Files</Filter>
    </ClInclude>
    <ClInclude Include="src\Headers\DataStructures\Matrix.h">
      <Filter>Header Files\Data Structures</Filter>
    </ClInclude>
    <ClInclude Include="src\Headers\DataStructures\Transforms.h">
      <Filter>Header Files\Data Structures</Filter>
    </ClInclude>
    <ClInclude Include="src\Headers\DataStructures\Tuple.h">
      <Filter>Header Files\Data Structures</Filter>
    </ClInclude>
    <ClInclude Include="src\Headers\Helpers\Utils.h">
      <Filter>Header Files\Helpers</Filter>
    </ClInclude>
    <ClInclude Include="src\Headers\Models\Ray.h">
      <Filter>Header Files\Models</Filter>
    </ClInclude>
    <ClInclude Include="src\Headers\Models\Canvas.h">
      <Filter>Header Files\Models</Filter>
    </ClInclude>
    <ClInclude Include="src\Headers\Models\Colour.h">
      <Filter>Header Files\Models</Filter>
    </ClInclude>
    <ClInclude Include="src\Headers\Models\Shapes\Sphere.h">
      <Filter>Header Files\Models\Shapes</Filter>
    </ClInclude>
    <ClInclude Include="src\Headers\Helpers\Types.h">
      <Filter>Header Files\Helpers</Filter>
    </ClInclude>
    <ClInclude Include="src\Headers\Models\Shapes\Shape.h">
      <Filter>Header Files\Models\Shapes</Filter>
    </ClInclude>
    <ClInclude Include="src\Headers\DataStructures\Intersection.h">
      <Filter>Header Files\Data Structures</Filter>
    </ClInclude>
  </ItemGroup>
</Project>